schema: '2.0'
stages:
  download:
    cmd: python src/download_data.py
    deps:
    - path: src/download_data.py
      hash: md5
      md5: d72a917925fe8a992c9ee85417c6df07
      size: 924
    outs:
    - path: data/raw
      hash: md5
      md5: a97c7d98ad96a1cac356d0feedf0d240.dir
      size: 24154493
      nfiles: 2
  features:
    cmd: python src/features.py
    deps:
    - path: data/raw
      hash: md5
      md5: a97c7d98ad96a1cac356d0feedf0d240.dir
      size: 24154493
      nfiles: 2
    - path: src/data.py
      hash: md5
      md5: 6337b0f7cff455e2a69b7194ab823ffb
      size: 2010
    - path: src/features.py
      hash: md5
      md5: 02b083df90e74e6c42301d256da6efbf
      size: 4658
    outs:
    - path: data/features
      hash: md5
      md5: 3c0e52ad000644b1da77a2b5213c0602.dir
      size: 15505599
      nfiles: 6
  features_annual:
    cmd: python src/features.py --horizon 1 --annual --out data/features_annual
    deps:
    - path: data/raw
      hash: md5
      md5: a97c7d98ad96a1cac356d0feedf0d240.dir
      size: 24154493
      nfiles: 2
    - path: src/data.py
      hash: md5
      md5: 6337b0f7cff455e2a69b7194ab823ffb
      size: 2010
    - path: src/features.py
      hash: md5
      md5: 02b083df90e74e6c42301d256da6efbf
      size: 4658
    outs:
    - path: data/features_annual
      hash: md5
      md5: 68b9d3cf15e674ee4a6456c14c1a7e09.dir
      size: 79740413
      nfiles: 30
